// !$*UTF8*$!
{
	archiveVersion = 1;
	classes = {
	};
	objectVersion = 50;
	objects = {

/* Begin PBXBuildFile section */
		FA38C9BD2088AEA5000F71B1 /* main.cpp in Sources */ = {isa = PBXBuildFile; fileRef = FA38C9BC2088AEA5000F71B1 /* main.cpp */; };
		FA38C9C52088B266000F71B1 /* Organism.cpp in Sources */ = {isa = PBXBuildFile; fileRef = FA38C9C32088B266000F71B1 /* Organism.cpp */; };
		FA38C9C82088B336000F71B1 /* Repository.cpp in Sources */ = {isa = PBXBuildFile; fileRef = FA38C9C62088B336000F71B1 /* Repository.cpp */; };
		FA38C9CB2088B45B000F71B1 /* UI.cpp in Sources */ = {isa = PBXBuildFile; fileRef = FA38C9C92088B45B000F71B1 /* UI.cpp */; };
		FA38C9CE2088B5E6000F71B1 /* Controller.cpp in Sources */ = {isa = PBXBuildFile; fileRef = FA38C9CC2088B5E6000F71B1 /* Controller.cpp */; };
		FA38C9D12088C06C000F71B1 /* Tests.cpp in Sources */ = {isa = PBXBuildFile; fileRef = FA38C9CF2088C06C000F71B1 /* Tests.cpp */; };
/* End PBXBuildFile section */

/* Begin PBXCopyFilesBuildPhase section */
		FA38C9B72088AEA5000F71B1 /* CopyFiles */ = {
			isa = PBXCopyFilesBuildPhase;
			buildActionMask = 2147483647;
			dstPath = /usr/share/man/man1/;
			dstSubfolderSpec = 0;
			files = (
			);
			runOnlyForDeploymentPostprocessing = 1;
		};
/* End PBXCopyFilesBuildPhase section */

/* Begin PBXFileReference section */
		FA38C9B92088AEA5000F71B1 /* test */ = {isa = PBXFileReference; explicitFileType = "compiled.mach-o.executable"; includeInIndex = 0; path = test; sourceTree = BUILT_PRODUCTS_DIR; };
		FA38C9BC2088AEA5000F71B1 /* main.cpp */ = {isa = PBXFileReference; lastKnownFileType = sourcecode.cpp.cpp; path = main.cpp; sourceTree = "<group>"; };
		FA38C9C32088B266000F71B1 /* Organism.cpp */ = {isa = PBXFileReference; lastKnownFileType = sourcecode.cpp.cpp; path = Organism.cpp; sourceTree = "<group>"; };
		FA38C9C42088B266000F71B1 /* Organism.hpp */ = {isa = PBXFileReference; lastKnownFileType = sourcecode.cpp.h; path = Organism.hpp; sourceTree = "<group>"; };
		FA38C9C62088B336000F71B1 /* Repository.cpp */ = {isa = PBXFileReference; lastKnownFileType = sourcecode.cpp.cpp; path = Repository.cpp; sourceTree = "<group>"; };
		FA38C9C72088B336000F71B1 /* Repository.hpp */ = {isa = PBXFileReference; lastKnownFileType = sourcecode.cpp.h; path = Repository.hpp; sourceTree = "<group>"; };
		FA38C9C92088B45B000F71B1 /* UI.cpp */ = {isa = PBXFileReference; lastKnownFileType = sourcecode.cpp.cpp; path = UI.cpp; sourceTree = "<group>"; };
		FA38C9CA2088B45B000F71B1 /* UI.hpp */ = {isa = PBXFileReference; lastKnownFileType = sourcecode.cpp.h; path = UI.hpp; sourceTree = "<group>"; };
		FA38C9CC2088B5E6000F71B1 /* Controller.cpp */ = {isa = PBXFileReference; lastKnownFileType = sourcecode.cpp.cpp; path = Controller.cpp; sourceTree = "<group>"; };
		FA38C9CD2088B5E6000F71B1 /* Controller.hpp */ = {isa = PBXFileReference; lastKnownFileType = sourcecode.cpp.h; path = Controller.hpp; sourceTree = "<group>"; };
		FA38C9CF2088C06C000F71B1 /* Tests.cpp */ = {isa = PBXFileReference; lastKnownFileType = sourcecode.cpp.cpp; path = Tests.cpp; sourceTree = "<group>"; };
		FA38C9D02088C06C000F71B1 /* Tests.hpp */ = {isa = PBXFileReference; lastKnownFileType = sourcecode.cpp.h; path = Tests.hpp; sourceTree = "<group>"; };
/* End PBXFileReference section */

/* Begin PBXFrameworksBuildPhase section */
		FA38C9B62088AEA5000F71B1 /* Frameworks */ = {
			isa = PBXFrameworksBuildPhase;
			buildActionMask = 2147483647;
			files = (
			);
			runOnlyForDeploymentPostprocessing = 0;
		};
/* End PBXFrameworksBuildPhase section */

/* Begin PBXGroup section */
		FA38C9B02088AEA5000F71B1 = {
			isa = PBXGroup;
			children = (
				FA38C9BB2088AEA5000F71B1 /* test */,
				FA38C9BA2088AEA5000F71B1 /* Products */,
			);
			sourceTree = "<group>";
		};
		FA38C9BA2088AEA5000F71B1 /* Products */ = {
			isa = PBXGroup;
			children = (
				FA38C9B92088AEA5000F71B1 /* test */,
			);
			name = Products;
			sourceTree = "<group>";
		};
		FA38C9BB2088AEA5000F71B1 /* test */ = {
			isa = PBXGroup;
			children = (
				FA38C9BC2088AEA5000F71B1 /* main.cpp */,
				FA38C9C32088B266000F71B1 /* Organism.cpp */,
				FA38C9C42088B266000F71B1 /* Organism.hpp */,
				FA38C9C62088B336000F71B1 /* Repository.cpp */,
				FA38C9C92088B45B000F71B1 /* UI.cpp */,
				FA38C9CC2088B5E6000F71B1 /* Controller.cpp */,
				FA38C9CD2088B5E6000F71B1 /* Controller.hpp */,
				FA38C9CA2088B45B000F71B1 /* UI.hpp */,
				FA38C9C72088B336000F71B1 /* Repository.hpp */,
				FA38C9CF2088C06C000F71B1 /* Tests.cpp */,
				FA38C9D02088C06C000F71B1 /* Tests.hpp */,
			);
			path = test;
			sourceTree = "<group>";
		};
/* End PBXGroup section */

/* Begin PBXNativeTarget section */
		FA38C9B82088AEA5000F71B1 /* test */ = {
			isa = PBXNativeTarget;
			buildConfigurationList = FA38C9C02088AEA5000F71B1 /* Build configuration list for PBXNativeTarget "test" */;
			buildPhases = (
				FA38C9B52088AEA5000F71B1 /* Sources */,
				FA38C9B62088AEA5000F71B1 /* Frameworks */,
				FA38C9B72088AEA5000F71B1 /* CopyFiles */,
			);
			buildRules = (
			);
			dependencies = (
			);
			name = test;
			productName = test;
			productReference = FA38C9B92088AEA5000F71B1 /* test */;
			productType = "com.apple.product-type.tool";
		};
/* End PBXNativeTarget section */

/* Begin PBXProject section */
		FA38C9B12088AEA5000F71B1 /* Project object */ = {
			isa = PBXProject;
			attributes = {
				LastUpgradeCheck = 0930;
				ORGANIZATIONNAME = "Alex Resiga";
				TargetAttributes = {
					FA38C9B82088AEA5000F71B1 = {
						CreatedOnToolsVersion = 9.3;
					};
				};
			};
			buildConfigurationList = FA38C9B42088AEA5000F71B1 /* Build configuration list for PBXProject "test" */;
			compatibilityVersion = "Xcode 9.3";
			developmentRegion = en;
			hasScannedForEncodings = 0;
			knownRegions = (
				en,
			);
			mainGroup = FA38C9B02088AEA5000F71B1;
			productRefGroup = FA38C9BA2088AEA5000F71B1 /* Products */;
			projectDirPath = "";
			projectRoot = "";
			targets = (
				FA38C9B82088AEA5000F71B1 /* test */,
			);
		};
/* End PBXProject section */

/* Begin PBXSourcesBuildPhase section */
		FA38C9B52088AEA5000F71B1 /* Sources */ = {
			isa = PBXSourcesBuildPhase;
			buildActionMask = 2147483647;
			files = (
				FA38C9BD2088AEA5000F71B1 /* main.cpp in Sources */,
				FA38C9CB2088B45B000F71B1 /* UI.cpp in Sources */,
				FA38C9CE2088B5E6000F71B1 /* Controller.cpp in Sources */,
				FA38C9D12088C06C000F71B1 /* Tests.cpp in Sources */,
				FA38C9C52088B266000F71B1 /* Organism.cpp in Sources */,
				FA38C9C82088B336000F71B1 /* Repository.cpp in Sources */,
			);
			runOnlyForDeploymentPostprocessing = 0;
		};
/* End PBXSourcesBuildPhase section */

/* Begin XCBuildConfiguration section */
		FA38C9BE2088AEA5000F71B1 /* Debug */ = {
			isa = XCBuildConfiguration;
			buildSettings = {
				ALWAYS_SEARCH_USER_PATHS = NO;
				CLANG_ANALYZER_NONNULL = YES;
				CLANG_ANALYZER_NUMBER_OBJECT_CONVERSION = YES_AGGRESSIVE;
				CLANG_CXX_LANGUAGE_STANDARD = "gnu++14";
				CLANG_CXX_LIBRARY = "libc++";
				CLANG_ENABLE_MODULES = YES;
				CLANG_ENABLE_OBJC_ARC = YES;
				CLANG_ENABLE_OBJC_WEAK = YES;
				CLANG_WARN_BLOCK_CAPTURE_AUTORELEASING = YES;
				CLANG_WARN_BOOL_CONVERSION = YES;
				CLANG_WARN_COMMA = YES;
				CLANG_WARN_CONSTANT_CONVERSION = YES;
				CLANG_WARN_DEPRECATED_OBJC_IMPLEMENTATIONS = YES;
				CLANG_WARN_DIRECT_OBJC_ISA_USAGE = YES_ERROR;
				CLANG_WARN_DOCUMENTATION_COMMENTS = YES;
				CLANG_WARN_EMPTY_BODY = YES;
				CLANG_WARN_ENUM_CONVERSION = YES;
				CLANG_WARN_INFINITE_RECURSION = YES;
				CLANG_WARN_INT_CONVERSION = YES;
				CLANG_WARN_NON_LITERAL_NULL_CONVERSION = YES;
				CLANG_WARN_OBJC_IMPLICIT_RETAIN_SELF = YES;
				CLANG_WARN_OBJC_LITERAL_CONVERSION = YES;
				CLANG_WARN_OBJC_ROOT_CLASS = YES_ERROR;
				CLANG_WARN_RANGE_LOOP_ANALYSIS = YES;
				CLANG_WARN_STRICT_PROTOTYPES = YES;
				CLANG_WARN_SUSPICIOUS_MOVE = YES;
				CLANG_WARN_UNGUARDED_AVAILABILITY = YES_AGGRESSIVE;
				CLANG_WARN_UNREACHABLE_CODE = YES;
				CLANG_WARN__DUPLICATE_METHOD_MATCH = YES;
				CODE_SIGN_IDENTITY = "-";
				COPY_PHASE_STRIP = NO;
				DEBUG_INFORMATION_FORMAT = dwarf;
				ENABLE_STRICT_OBJC_MSGSEND = YES;
				ENABLE_TESTABILITY = YES;
				GCC_C_LANGUAGE_STANDARD = gnu11;
				GCC_DYNAMIC_NO_PIC = NO;
				GCC_NO_COMMON_BLOCKS = YES;
				GCC_OPTIMIZATION_LEVEL = 0;
				GCC_PREPROCESSOR_DEFINITIONS = (
					"DEBUG=1",
					"$(inherited)",
				);
				GCC_WARN_64_TO_32_BIT_CONVERSION = YES;
				GCC_WARN_ABOUT_RETURN_TYPE = YES_ERROR;
				GCC_WARN_UNDECLARED_SELECTOR = YES;
				GCC_WARN_UNINITIALIZED_AUTOS = YES_AGGRESSIVE;
				GCC_WARN_UNUSED_FUNCTION = YES;
				GCC_WARN_UNUSED_VARIABLE = YES;
				MACOSX_DEPLOYMENT_TARGET = 10.13;
				MTL_ENABLE_DEBUG_INFO = YES;
				ONLY_ACTIVE_ARCH = YES;
				SDKROOT = macosx;
			};
			name = Debug;
		};
		FA38C9BF2088AEA5000F71B1 /* Release */ = {
			isa = XCBuildConfiguration;
			buildSettings = {
				ALWAYS_SEARCH_USER_PATHS = NO;
				CLANG_ANALYZER_NONNULL = YES;
				CLANG_ANALYZER_NUMBER_OBJECT_CONVERSION = YES_AGGRESSIVE;
				CLANG_CXX_LANGUAGE_STANDARD = "gnu++14";
				CLANG_CXX_LIBRARY = "libc++";
				CLANG_ENABLE_MODULES = YES;
				CLANG_ENABLE_OBJC_ARC = YES;
				CLANG_ENABLE_OBJC_WEAK = YES;
				CLANG_WARN_BLOCK_CAPTURE_AUTORELEASING = YES;
				CLANG_WARN_BOOL_CONVERSION = YES;
				CLANG_WARN_COMMA = YES;
				CLANG_WARN_CONSTANT_CONVERSION = YES;
				CLANG_WARN_DEPRECATED_OBJC_IMPLEMENTATIONS = YES;
				CLANG_WARN_DIRECT_OBJC_ISA_USAGE = YES_ERROR;
				CLANG_WARN_DOCUMENTATION_COMMENTS = YES;
				CLANG_WARN_EMPTY_BODY = YES;
				CLANG_WARN_ENUM_CONVERSION = YES;
				CLANG_WARN_INFINITE_RECURSION = YES;
				CLANG_WARN_INT_CONVERSION = YES;
				CLANG_WARN_NON_LITERAL_NULL_CONVERSION = YES;
				CLANG_WARN_OBJC_IMPLICIT_RETAIN_SELF = YES;
				CLANG_WARN_OBJC_LITERAL_CONVERSION = YES;
				CLANG_WARN_OBJC_ROOT_CLASS = YES_ERROR;
				CLANG_WARN_RANGE_LOOP_ANALYSIS = YES;
				CLANG_WARN_STRICT_PROTOTYPES = YES;
				CLANG_WARN_SUSPICIOUS_MOVE = YES;
				CLANG_WARN_UNGUARDED_AVAILABILITY = YES_AGGRESSIVE;
				CLANG_WARN_UNREACHABLE_CODE = YES;
				CLANG_WARN__DUPLICATE_METHOD_MATCH = YES;
				CODE_SIGN_IDENTITY = "-";
				COPY_PHASE_STRIP = NO;
				DEBUG_INFORMATION_FORMAT = "dwarf-with-dsym";
				ENABLE_NS_ASSERTIONS = NO;
				ENABLE_STRICT_OBJC_MSGSEND = YES;
				GCC_C_LANGUAGE_STANDARD = gnu11;
				GCC_NO_COMMON_BLOCKS = YES;
				GCC_WARN_64_TO_32_BIT_CONVERSION = YES;
				GCC_WARN_ABOUT_RETURN_TYPE = YES_ERROR;
				GCC_WARN_UNDECLARED_SELECTOR = YES;
				GCC_WARN_UNINITIALIZED_AUTOS = YES_AGGRESSIVE;
				GCC_WARN_UNUSED_FUNCTION = YES;
				GCC_WARN_UNUSED_VARIABLE = YES;
				MACOSX_DEPLOYMENT_TARGET = 10.13;
				MTL_ENABLE_DEBUG_INFO = NO;
				SDKROOT = macosx;
			};
			name = Release;
		};
		FA38C9C12088AEA5000F71B1 /* Debug */ = {
			isa = XCBuildConfiguration;
			buildSettings = {
				CODE_SIGN_STYLE = Automatic;
				PRODUCT_NAME = "$(TARGET_NAME)";
			};
			name = Debug;
		};
		FA38C9C22088AEA5000F71B1 /* Release */ = {
			isa = XCBuildConfiguration;
			buildSettings = {
				CODE_SIGN_STYLE = Automatic;
				PRODUCT_NAME = "$(TARGET_NAME)";
			};
			name = Release;
		};
/* End XCBuildConfiguration section */

/* Begin XCConfigurationList section */
		FA38C9B42088AEA5000F71B1 /* Build configuration list for PBXProject "test" */ = {
			isa = XCConfigurationList;
			buildConfigurations = (
				FA38C9BE2088AEA5000F71B1 /* Debug */,
				FA38C9BF2088AEA5000F71B1 /* Release */,
			);
			defaultConfigurationIsVisible = 0;
			defaultConfigurationName = Release;
		};
		FA38C9C02088AEA5000F71B1 /* Build configuration list for PBXNativeTarget "test" */ = {
			isa = XCConfigurationList;
			buildConfigurations = (
				FA38C9C12088AEA5000F71B1 /* Debug */,
				FA38C9C22088AEA5000F71B1 /* Release */,
			);
			defaultConfigurationIsVisible = 0;
			defaultConfigurationName = Release;
		};
/* End XCConfigurationList section */
	};
	rootObject = FA38C9B12088AEA5000F71B1 /* Project object */;
}
