// !$*UTF8*$!
{
	archiveVersion = 1;
	classes = {
	};
	objectVersion = 50;
	objects = {

/* Begin PBXBuildFile section */
		FAEBBF512087BF0300D50BA8 /* main.cpp in Sources */ = {isa = PBXBuildFile; fileRef = FAEBBF502087BF0300D50BA8 /* main.cpp */; };
		FAEBBF592087BFD900D50BA8 /* UI.cpp in Sources */ = {isa = PBXBuildFile; fileRef = FAEBBF572087BFD900D50BA8 /* UI.cpp */; };
		FAEBBF5C2087C0E300D50BA8 /* Controller.cpp in Sources */ = {isa = PBXBuildFile; fileRef = FAEBBF5A2087C0E300D50BA8 /* Controller.cpp */; };
		FAEBBF5F2087C1D100D50BA8 /* DynamicVector.cpp in Sources */ = {isa = PBXBuildFile; fileRef = FAEBBF5D2087C1D100D50BA8 /* DynamicVector.cpp */; };
		FAEBBF622087EA2C00D50BA8 /* Repository.cpp in Sources */ = {isa = PBXBuildFile; fileRef = FAEBBF602087EA2C00D50BA8 /* Repository.cpp */; };
/* End PBXBuildFile section */

/* Begin PBXCopyFilesBuildPhase section */
		FAEBBF4B2087BF0300D50BA8 /* CopyFiles */ = {
			isa = PBXCopyFilesBuildPhase;
			buildActionMask = 2147483647;
			dstPath = /usr/share/man/man1/;
			dstSubfolderSpec = 0;
			files = (
			);
			runOnlyForDeploymentPostprocessing = 1;
		};
/* End PBXCopyFilesBuildPhase section */

/* Begin PBXFileReference section */
		FAEBBF4D2087BF0300D50BA8 /* wannabe */ = {isa = PBXFileReference; explicitFileType = "compiled.mach-o.executable"; includeInIndex = 0; path = wannabe; sourceTree = BUILT_PRODUCTS_DIR; };
		FAEBBF502087BF0300D50BA8 /* main.cpp */ = {isa = PBXFileReference; lastKnownFileType = sourcecode.cpp.cpp; path = main.cpp; sourceTree = "<group>"; };
		FAEBBF572087BFD900D50BA8 /* UI.cpp */ = {isa = PBXFileReference; lastKnownFileType = sourcecode.cpp.cpp; path = UI.cpp; sourceTree = "<group>"; };
		FAEBBF582087BFD900D50BA8 /* UI.hpp */ = {isa = PBXFileReference; lastKnownFileType = sourcecode.cpp.h; path = UI.hpp; sourceTree = "<group>"; };
		FAEBBF5A2087C0E300D50BA8 /* Controller.cpp */ = {isa = PBXFileReference; lastKnownFileType = sourcecode.cpp.cpp; path = Controller.cpp; sourceTree = "<group>"; };
		FAEBBF5B2087C0E300D50BA8 /* Controller.hpp */ = {isa = PBXFileReference; lastKnownFileType = sourcecode.cpp.h; path = Controller.hpp; sourceTree = "<group>"; };
		FAEBBF5D2087C1D100D50BA8 /* DynamicVector.cpp */ = {isa = PBXFileReference; lastKnownFileType = sourcecode.cpp.cpp; path = DynamicVector.cpp; sourceTree = "<group>"; };
		FAEBBF5E2087C1D100D50BA8 /* DynamicVector.hpp */ = {isa = PBXFileReference; lastKnownFileType = sourcecode.cpp.h; path = DynamicVector.hpp; sourceTree = "<group>"; };
		FAEBBF602087EA2C00D50BA8 /* Repository.cpp */ = {isa = PBXFileReference; lastKnownFileType = sourcecode.cpp.cpp; path = Repository.cpp; sourceTree = "<group>"; };
		FAEBBF612087EA2C00D50BA8 /* Repository.hpp */ = {isa = PBXFileReference; lastKnownFileType = sourcecode.cpp.h; path = Repository.hpp; sourceTree = "<group>"; };
/* End PBXFileReference section */

/* Begin PBXFrameworksBuildPhase section */
		FAEBBF4A2087BF0300D50BA8 /* Frameworks */ = {
			isa = PBXFrameworksBuildPhase;
			buildActionMask = 2147483647;
			files = (
			);
			runOnlyForDeploymentPostprocessing = 0;
		};
/* End PBXFrameworksBuildPhase section */

/* Begin PBXGroup section */
		FAEBBF442087BF0300D50BA8 = {
			isa = PBXGroup;
			children = (
				FAEBBF4F2087BF0300D50BA8 /* wannabe */,
				FAEBBF4E2087BF0300D50BA8 /* Products */,
			);
			sourceTree = "<group>";
		};
		FAEBBF4E2087BF0300D50BA8 /* Products */ = {
			isa = PBXGroup;
			children = (
				FAEBBF4D2087BF0300D50BA8 /* wannabe */,
			);
			name = Products;
			sourceTree = "<group>";
		};
		FAEBBF4F2087BF0300D50BA8 /* wannabe */ = {
			isa = PBXGroup;
			children = (
				FAEBBF502087BF0300D50BA8 /* main.cpp */,
				FAEBBF572087BFD900D50BA8 /* UI.cpp */,
				FAEBBF582087BFD900D50BA8 /* UI.hpp */,
				FAEBBF5A2087C0E300D50BA8 /* Controller.cpp */,
				FAEBBF5B2087C0E300D50BA8 /* Controller.hpp */,
				FAEBBF5D2087C1D100D50BA8 /* DynamicVector.cpp */,
				FAEBBF5E2087C1D100D50BA8 /* DynamicVector.hpp */,
				FAEBBF602087EA2C00D50BA8 /* Repository.cpp */,
				FAEBBF612087EA2C00D50BA8 /* Repository.hpp */,
			);
			path = wannabe;
			sourceTree = "<group>";
		};
/* End PBXGroup section */

/* Begin PBXNativeTarget section */
		FAEBBF4C2087BF0300D50BA8 /* wannabe */ = {
			isa = PBXNativeTarget;
			buildConfigurationList = FAEBBF542087BF0300D50BA8 /* Build configuration list for PBXNativeTarget "wannabe" */;
			buildPhases = (
				FAEBBF492087BF0300D50BA8 /* Sources */,
				FAEBBF4A2087BF0300D50BA8 /* Frameworks */,
				FAEBBF4B2087BF0300D50BA8 /* CopyFiles */,
			);
			buildRules = (
			);
			dependencies = (
			);
			name = wannabe;
			productName = wannabe;
			productReference = FAEBBF4D2087BF0300D50BA8 /* wannabe */;
			productType = "com.apple.product-type.tool";
		};
/* End PBXNativeTarget section */

/* Begin PBXProject section */
		FAEBBF452087BF0300D50BA8 /* Project object */ = {
			isa = PBXProject;
			attributes = {
				LastUpgradeCheck = 0930;
				ORGANIZATIONNAME = "Alex Resiga";
				TargetAttributes = {
					FAEBBF4C2087BF0300D50BA8 = {
						CreatedOnToolsVersion = 9.3;
					};
				};
			};
			buildConfigurationList = FAEBBF482087BF0300D50BA8 /* Build configuration list for PBXProject "wannabe" */;
			compatibilityVersion = "Xcode 9.3";
			developmentRegion = en;
			hasScannedForEncodings = 0;
			knownRegions = (
				en,
			);
			mainGroup = FAEBBF442087BF0300D50BA8;
			productRefGroup = FAEBBF4E2087BF0300D50BA8 /* Products */;
			projectDirPath = "";
			projectRoot = "";
			targets = (
				FAEBBF4C2087BF0300D50BA8 /* wannabe */,
			);
		};
/* End PBXProject section */

/* Begin PBXSourcesBuildPhase section */
		FAEBBF492087BF0300D50BA8 /* Sources */ = {
			isa = PBXSourcesBuildPhase;
			buildActionMask = 2147483647;
			files = (
				FAEBBF622087EA2C00D50BA8 /* Repository.cpp in Sources */,
				FAEBBF512087BF0300D50BA8 /* main.cpp in Sources */,
				FAEBBF5C2087C0E300D50BA8 /* Controller.cpp in Sources */,
				FAEBBF5F2087C1D100D50BA8 /* DynamicVector.cpp in Sources */,
				FAEBBF592087BFD900D50BA8 /* UI.cpp in Sources */,
			);
			runOnlyForDeploymentPostprocessing = 0;
		};
/* End PBXSourcesBuildPhase section */

/* Begin XCBuildConfiguration section */
		FAEBBF522087BF0300D50BA8 /* Debug */ = {
			isa = XCBuildConfiguration;
			buildSettings = {
				ALWAYS_SEARCH_USER_PATHS = NO;
				CLANG_ANALYZER_NONNULL = YES;
				CLANG_ANALYZER_NUMBER_OBJECT_CONVERSION = YES_AGGRESSIVE;
				CLANG_CXX_LANGUAGE_STANDARD = "gnu++14";
				CLANG_CXX_LIBRARY = "libc++";
				CLANG_ENABLE_MODULES = YES;
				CLANG_ENABLE_OBJC_ARC = YES;
				CLANG_ENABLE_OBJC_WEAK = YES;
				CLANG_WARN_BLOCK_CAPTURE_AUTORELEASING = YES;
				CLANG_WARN_BOOL_CONVERSION = YES;
				CLANG_WARN_COMMA = YES;
				CLANG_WARN_CONSTANT_CONVERSION = YES;
				CLANG_WARN_DEPRECATED_OBJC_IMPLEMENTATIONS = YES;
				CLANG_WARN_DIRECT_OBJC_ISA_USAGE = YES_ERROR;
				CLANG_WARN_DOCUMENTATION_COMMENTS = YES;
				CLANG_WARN_EMPTY_BODY = YES;
				CLANG_WARN_ENUM_CONVERSION = YES;
				CLANG_WARN_INFINITE_RECURSION = YES;
				CLANG_WARN_INT_CONVERSION = YES;
				CLANG_WARN_NON_LITERAL_NULL_CONVERSION = YES;
				CLANG_WARN_OBJC_IMPLICIT_RETAIN_SELF = YES;
				CLANG_WARN_OBJC_LITERAL_CONVERSION = YES;
				CLANG_WARN_OBJC_ROOT_CLASS = YES_ERROR;
				CLANG_WARN_RANGE_LOOP_ANALYSIS = YES;
				CLANG_WARN_STRICT_PROTOTYPES = YES;
				CLANG_WARN_SUSPICIOUS_MOVE = YES;
				CLANG_WARN_UNGUARDED_AVAILABILITY = YES_AGGRESSIVE;
				CLANG_WARN_UNREACHABLE_CODE = YES;
				CLANG_WARN__DUPLICATE_METHOD_MATCH = YES;
				CODE_SIGN_IDENTITY = "-";
				COPY_PHASE_STRIP = NO;
				DEBUG_INFORMATION_FORMAT = dwarf;
				ENABLE_STRICT_OBJC_MSGSEND = YES;
				ENABLE_TESTABILITY = YES;
				GCC_C_LANGUAGE_STANDARD = gnu11;
				GCC_DYNAMIC_NO_PIC = NO;
				GCC_NO_COMMON_BLOCKS = YES;
				GCC_OPTIMIZATION_LEVEL = 0;
				GCC_PREPROCESSOR_DEFINITIONS = (
					"DEBUG=1",
					"$(inherited)",
				);
				GCC_WARN_64_TO_32_BIT_CONVERSION = YES;
				GCC_WARN_ABOUT_RETURN_TYPE = YES_ERROR;
				GCC_WARN_UNDECLARED_SELECTOR = YES;
				GCC_WARN_UNINITIALIZED_AUTOS = YES_AGGRESSIVE;
				GCC_WARN_UNUSED_FUNCTION = YES;
				GCC_WARN_UNUSED_VARIABLE = YES;
				MACOSX_DEPLOYMENT_TARGET = 10.13;
				MTL_ENABLE_DEBUG_INFO = YES;
				ONLY_ACTIVE_ARCH = YES;
				SDKROOT = macosx;
			};
			name = Debug;
		};
		FAEBBF532087BF0300D50BA8 /* Release */ = {
			isa = XCBuildConfiguration;
			buildSettings = {
				ALWAYS_SEARCH_USER_PATHS = NO;
				CLANG_ANALYZER_NONNULL = YES;
				CLANG_ANALYZER_NUMBER_OBJECT_CONVERSION = YES_AGGRESSIVE;
				CLANG_CXX_LANGUAGE_STANDARD = "gnu++14";
				CLANG_CXX_LIBRARY = "libc++";
				CLANG_ENABLE_MODULES = YES;
				CLANG_ENABLE_OBJC_ARC = YES;
				CLANG_ENABLE_OBJC_WEAK = YES;
				CLANG_WARN_BLOCK_CAPTURE_AUTORELEASING = YES;
				CLANG_WARN_BOOL_CONVERSION = YES;
				CLANG_WARN_COMMA = YES;
				CLANG_WARN_CONSTANT_CONVERSION = YES;
				CLANG_WARN_DEPRECATED_OBJC_IMPLEMENTATIONS = YES;
				CLANG_WARN_DIRECT_OBJC_ISA_USAGE = YES_ERROR;
				CLANG_WARN_DOCUMENTATION_COMMENTS = YES;
				CLANG_WARN_EMPTY_BODY = YES;
				CLANG_WARN_ENUM_CONVERSION = YES;
				CLANG_WARN_INFINITE_RECURSION = YES;
				CLANG_WARN_INT_CONVERSION = YES;
				CLANG_WARN_NON_LITERAL_NULL_CONVERSION = YES;
				CLANG_WARN_OBJC_IMPLICIT_RETAIN_SELF = YES;
				CLANG_WARN_OBJC_LITERAL_CONVERSION = YES;
				CLANG_WARN_OBJC_ROOT_CLASS = YES_ERROR;
				CLANG_WARN_RANGE_LOOP_ANALYSIS = YES;
				CLANG_WARN_STRICT_PROTOTYPES = YES;
				CLANG_WARN_SUSPICIOUS_MOVE = YES;
				CLANG_WARN_UNGUARDED_AVAILABILITY = YES_AGGRESSIVE;
				CLANG_WARN_UNREACHABLE_CODE = YES;
				CLANG_WARN__DUPLICATE_METHOD_MATCH = YES;
				CODE_SIGN_IDENTITY = "-";
				COPY_PHASE_STRIP = NO;
				DEBUG_INFORMATION_FORMAT = "dwarf-with-dsym";
				ENABLE_NS_ASSERTIONS = NO;
				ENABLE_STRICT_OBJC_MSGSEND = YES;
				GCC_C_LANGUAGE_STANDARD = gnu11;
				GCC_NO_COMMON_BLOCKS = YES;
				GCC_WARN_64_TO_32_BIT_CONVERSION = YES;
				GCC_WARN_ABOUT_RETURN_TYPE = YES_ERROR;
				GCC_WARN_UNDECLARED_SELECTOR = YES;
				GCC_WARN_UNINITIALIZED_AUTOS = YES_AGGRESSIVE;
				GCC_WARN_UNUSED_FUNCTION = YES;
				GCC_WARN_UNUSED_VARIABLE = YES;
				MACOSX_DEPLOYMENT_TARGET = 10.13;
				MTL_ENABLE_DEBUG_INFO = NO;
				SDKROOT = macosx;
			};
			name = Release;
		};
		FAEBBF552087BF0300D50BA8 /* Debug */ = {
			isa = XCBuildConfiguration;
			buildSettings = {
				CODE_SIGN_STYLE = Automatic;
				PRODUCT_NAME = "$(TARGET_NAME)";
			};
			name = Debug;
		};
		FAEBBF562087BF0300D50BA8 /* Release */ = {
			isa = XCBuildConfiguration;
			buildSettings = {
				CODE_SIGN_STYLE = Automatic;
				PRODUCT_NAME = "$(TARGET_NAME)";
			};
			name = Release;
		};
/* End XCBuildConfiguration section */

/* Begin XCConfigurationList section */
		FAEBBF482087BF0300D50BA8 /* Build configuration list for PBXProject "wannabe" */ = {
			isa = XCConfigurationList;
			buildConfigurations = (
				FAEBBF522087BF0300D50BA8 /* Debug */,
				FAEBBF532087BF0300D50BA8 /* Release */,
			);
			defaultConfigurationIsVisible = 0;
			defaultConfigurationName = Release;
		};
		FAEBBF542087BF0300D50BA8 /* Build configuration list for PBXNativeTarget "wannabe" */ = {
			isa = XCConfigurationList;
			buildConfigurations = (
				FAEBBF552087BF0300D50BA8 /* Debug */,
				FAEBBF562087BF0300D50BA8 /* Release */,
			);
			defaultConfigurationIsVisible = 0;
			defaultConfigurationName = Release;
		};
/* End XCConfigurationList section */
	};
	rootObject = FAEBBF452087BF0300D50BA8 /* Project object */;
}
